
Microsoft Visual Studio Solution File, Format Version 12.00
# Visual Studio Version 16
VisualStudioVersion = 16.0.29519.181
MinimumVisualStudioVersion = 10.0.40219.1
Project("{FAE04EC0-301F-11D3-BF4B-00C04F79EFBC}") = "AngularIS4MySQL", "AngularIS4MySQL.csproj", "{CA85AD2A-87F7-411D-A538-8800797C0001}"
EndProject
Global
	GlobalSection(SolutionConfigurationPlatforms) = preSolution
		Debug|Any CPU = Debug|Any CPU
		Release|Any CPU = Release|Any CPU
	EndGlobalSection
	GlobalSection(ProjectConfigurationPlatforms) = postSolution
		{CA85AD2A-87F7-411D-A538-8800797C0001}.Debug|Any CPU.ActiveCfg = Debug|Any CPU
		{CA85AD2A-87F7-411D-A538-8800797C0001}.Debug|Any CPU.Build.0 = Debug|Any CPU
		{CA85AD2A-87F7-411D-A538-8800797C0001}.Release|Any CPU.ActiveCfg = Release|Any CPU
		{CA85AD2A-87F7-411D-A538-8800797C0001}.Release|Any CPU.Build.0 = Release|Any CPU
	EndGlobalSection
	GlobalSection(SolutionProperties) = preSolution
		HideSolutionNode = FALSE
	EndGlobalSection
	GlobalSection(ExtensibilityGlobals) = postSolution
		SolutionGuid = {02C2E2A1-9AE0-4BA5-AF3F-67F65FA271BB}
	EndGlobalSection
EndGlobal
